
Microsoft Visual Studio Solution File, Format Version 12.00
# Visual Studio Version 17
VisualStudioVersion = 17.3.32825.248
MinimumVisualStudioVersion = 10.0.40219.1
Project("{FAE04EC0-301F-11D3-BF4B-00C04F79EFBC}") = "eTickets", "eTickets\eTickets.csproj", "{03AFEF59-6975-4D80-A259-2E467F450E10}"
EndProject
Global
	GlobalSection(SolutionConfigurationPlatforms) = preSolution
		Debug|Any CPU = Debug|Any CPU
		Release|Any CPU = Release|Any CPU
	EndGlobalSection
	GlobalSection(ProjectConfigurationPlatforms) = postSolution
		{03AFEF59-6975-4D80-A259-2E467F450E10}.Debug|Any CPU.ActiveCfg = Debug|Any CPU
		{03AFEF59-6975-4D80-A259-2E467F450E10}.Debug|Any CPU.Build.0 = Debug|Any CPU
		{03AFEF59-6975-4D80-A259-2E467F450E10}.Release|Any CPU.ActiveCfg = Release|Any CPU
		{03AFEF59-6975-4D80-A259-2E467F450E10}.Release|Any CPU.Build.0 = Release|Any CPU
	EndGlobalSection
	GlobalSection(SolutionProperties) = preSolution
		HideSolutionNode = FALSE
	EndGlobalSection
	GlobalSection(ExtensibilityGlobals) = postSolution
		SolutionGuid = {89396939-7538-4AE6-9676-D0DE884E37A8}
	EndGlobalSection
EndGlobal
